PODS:
  - Blockstack (0.5.4):
    - CryptoSwift
  - CryptoSwift (1.0.0)
  - SVProgressHUD (2.2.5)
  - WeScan (1.1.0)

DEPENDENCIES:
  - Blockstack
  - SVProgressHUD
  - WeScan (>= 0.9)

SPEC REPOS:
  https://github.com/cocoapods/specs.git:
    - Blockstack
    - CryptoSwift
    - SVProgressHUD
    - WeScan

SPEC CHECKSUMS:
  Blockstack: 872c6a86c8fe80487f439966303dd2cb8d888603
  CryptoSwift: d81eeaa59dc5a8d03720fe919a6fd07b51f7439f
  SVProgressHUD: 1428aafac632c1f86f62aa4243ec12008d7a51d6
  WeScan: 7ebe08c966fbd7321be2be1a962423c237e3e2ec

PODFILE CHECKSUM: b8c8ac73ba0f197c235f4fc264ffe30913d00ecd

COCOAPODS: 1.6.1
