PODS:
  - Blockstack (0.5.1):
    - CryptoSwift
  - CryptoSwift (0.14.0)
  - SVProgressHUD (2.2.5)
  - WeScan (1.0.0)

DEPENDENCIES:
  - Blockstack
  - SVProgressHUD
  - WeScan (>= 0.9)

SPEC REPOS:
  https://github.com/cocoapods/specs.git:
    - Blockstack
    - CryptoSwift
    - SVProgressHUD
    - WeScan

SPEC CHECKSUMS:
  Blockstack: 4fbd640c3a778a0e87eaedb38394555de75f902d
  CryptoSwift: 35a10419f4dbf0619c13f8c1c180037e115323fa
  SVProgressHUD: 1428aafac632c1f86f62aa4243ec12008d7a51d6
  WeScan: a049a4a2a0eb1c4560cf649ebd933d07b0d9ef4c

PODFILE CHECKSUM: db092cdb608900eb4ec3924c97fd8fe9dcea2541

COCOAPODS: 1.5.3
