// !$*UTF8*$!
{
	archiveVersion = 1;
	classes = {
	};
	objectVersion = 50;
	objects = {

/* Begin PBXBuildFile section */
		6181E4BCA16960449112AC86 /* Pods_Scannie.framework in Frameworks */ = {isa = PBXBuildFile; fileRef = FF1053A922E0CC12F251315A /* Pods_Scannie.framework */; };
		6504BBBC22325A5E00013BC8 /* EmptyResultsController.swift in Sources */ = {isa = PBXBuildFile; fileRef = 6504BBBB22325A5E00013BC8 /* EmptyResultsController.swift */; };
		65115D6722207B6400EE9B84 /* RootController.swift in Sources */ = {isa = PBXBuildFile; fileRef = 65115D6622207B6400EE9B84 /* RootController.swift */; };
		65115D6922207B7900EE9B84 /* LaunchController.swift in Sources */ = {isa = PBXBuildFile; fileRef = 65115D6822207B7900EE9B84 /* LaunchController.swift */; };
		6511C4E8221F4737004C4717 /* AuthController.swift in Sources */ = {isa = PBXBuildFile; fileRef = 6511C4E7221F4737004C4717 /* AuthController.swift */; };
		6511C4EA221F4742004C4717 /* MainController.swift in Sources */ = {isa = PBXBuildFile; fileRef = 6511C4E9221F4742004C4717 /* MainController.swift */; };
		652596AE22302CFE00DD5376 /* DocumentListCell.swift in Sources */ = {isa = PBXBuildFile; fileRef = 652596AD22302CFE00DD5376 /* DocumentListCell.swift */; };
		652596B1223030D300DD5376 /* Document.swift in Sources */ = {isa = PBXBuildFile; fileRef = 652596B0223030D300DD5376 /* Document.swift */; };
		65C54F73222D7C4E0070C14E /* Parser.swift in Sources */ = {isa = PBXBuildFile; fileRef = 65C54F72222D7C4E0070C14E /* Parser.swift */; };
		65C54F75222D7DED0070C14E /* DateMilliseconds.swift in Sources */ = {isa = PBXBuildFile; fileRef = 65C54F74222D7DED0070C14E /* DateMilliseconds.swift */; };
		65CE596C221F3D3E00BEA87D /* AppDelegate.swift in Sources */ = {isa = PBXBuildFile; fileRef = 65CE596B221F3D3E00BEA87D /* AppDelegate.swift */; };
		65CE5971221F3D3E00BEA87D /* Main.storyboard in Resources */ = {isa = PBXBuildFile; fileRef = 65CE596F221F3D3E00BEA87D /* Main.storyboard */; };
		65CE5973221F3D4000BEA87D /* Assets.xcassets in Resources */ = {isa = PBXBuildFile; fileRef = 65CE5972221F3D4000BEA87D /* Assets.xcassets */; };
		65CE5976221F3D4000BEA87D /* LaunchScreen.storyboard in Resources */ = {isa = PBXBuildFile; fileRef = 65CE5974221F3D4000BEA87D /* LaunchScreen.storyboard */; };
		65D362712225C19300B343A2 /* MainTabController.swift in Sources */ = {isa = PBXBuildFile; fileRef = 65D362702225C19300B343A2 /* MainTabController.swift */; };
/* End PBXBuildFile section */

/* Begin PBXFileReference section */
		5B2E9434482FCE54956F9DCA /* Pods-Scannie.release.xcconfig */ = {isa = PBXFileReference; includeInIndex = 1; lastKnownFileType = text.xcconfig; name = "Pods-Scannie.release.xcconfig"; path = "Pods/Target Support Files/Pods-Scannie/Pods-Scannie.release.xcconfig"; sourceTree = "<group>"; };
		6504BBBB22325A5E00013BC8 /* EmptyResultsController.swift */ = {isa = PBXFileReference; lastKnownFileType = sourcecode.swift; path = EmptyResultsController.swift; sourceTree = "<group>"; };
		65115D6622207B6400EE9B84 /* RootController.swift */ = {isa = PBXFileReference; lastKnownFileType = sourcecode.swift; path = RootController.swift; sourceTree = "<group>"; };
		65115D6822207B7900EE9B84 /* LaunchController.swift */ = {isa = PBXFileReference; lastKnownFileType = sourcecode.swift; path = LaunchController.swift; sourceTree = "<group>"; };
		6511C4E7221F4737004C4717 /* AuthController.swift */ = {isa = PBXFileReference; lastKnownFileType = sourcecode.swift; path = AuthController.swift; sourceTree = "<group>"; };
		6511C4E9221F4742004C4717 /* MainController.swift */ = {isa = PBXFileReference; lastKnownFileType = sourcecode.swift; path = MainController.swift; sourceTree = "<group>"; };
		652596AD22302CFE00DD5376 /* DocumentListCell.swift */ = {isa = PBXFileReference; lastKnownFileType = sourcecode.swift; path = DocumentListCell.swift; sourceTree = "<group>"; };
		652596B0223030D300DD5376 /* Document.swift */ = {isa = PBXFileReference; lastKnownFileType = sourcecode.swift; path = Document.swift; sourceTree = "<group>"; };
		65C54F72222D7C4E0070C14E /* Parser.swift */ = {isa = PBXFileReference; lastKnownFileType = sourcecode.swift; path = Parser.swift; sourceTree = "<group>"; };
		65C54F74222D7DED0070C14E /* DateMilliseconds.swift */ = {isa = PBXFileReference; lastKnownFileType = sourcecode.swift; path = DateMilliseconds.swift; sourceTree = "<group>"; };
		65CE5968221F3D3E00BEA87D /* Scannie.app */ = {isa = PBXFileReference; explicitFileType = wrapper.application; includeInIndex = 0; path = Scannie.app; sourceTree = BUILT_PRODUCTS_DIR; };
		65CE596B221F3D3E00BEA87D /* AppDelegate.swift */ = {isa = PBXFileReference; lastKnownFileType = sourcecode.swift; path = AppDelegate.swift; sourceTree = "<group>"; };
		65CE5970221F3D3E00BEA87D /* Base */ = {isa = PBXFileReference; lastKnownFileType = file.storyboard; name = Base; path = Base.lproj/Main.storyboard; sourceTree = "<group>"; };
		65CE5972221F3D4000BEA87D /* Assets.xcassets */ = {isa = PBXFileReference; lastKnownFileType = folder.assetcatalog; path = Assets.xcassets; sourceTree = "<group>"; };
		65CE5975221F3D4000BEA87D /* Base */ = {isa = PBXFileReference; lastKnownFileType = file.storyboard; name = Base; path = Base.lproj/LaunchScreen.storyboard; sourceTree = "<group>"; };
		65CE5977221F3D4000BEA87D /* Info.plist */ = {isa = PBXFileReference; lastKnownFileType = text.plist.xml; path = Info.plist; sourceTree = "<group>"; };
		65D362702225C19300B343A2 /* MainTabController.swift */ = {isa = PBXFileReference; lastKnownFileType = sourcecode.swift; path = MainTabController.swift; sourceTree = "<group>"; };
		E145DF6967CF175002A65519 /* Pods-Scannie.debug.xcconfig */ = {isa = PBXFileReference; includeInIndex = 1; lastKnownFileType = text.xcconfig; name = "Pods-Scannie.debug.xcconfig"; path = "Pods/Target Support Files/Pods-Scannie/Pods-Scannie.debug.xcconfig"; sourceTree = "<group>"; };
		FF1053A922E0CC12F251315A /* Pods_Scannie.framework */ = {isa = PBXFileReference; explicitFileType = wrapper.framework; includeInIndex = 0; path = Pods_Scannie.framework; sourceTree = BUILT_PRODUCTS_DIR; };
/* End PBXFileReference section */

/* Begin PBXFrameworksBuildPhase section */
		65CE5965221F3D3E00BEA87D /* Frameworks */ = {
			isa = PBXFrameworksBuildPhase;
			buildActionMask = 2147483647;
			files = (
				6181E4BCA16960449112AC86 /* Pods_Scannie.framework in Frameworks */,
			);
			runOnlyForDeploymentPostprocessing = 0;
		};
/* End PBXFrameworksBuildPhase section */

/* Begin PBXGroup section */
		65115D6522207B3600EE9B84 /* Controllers */ = {
			isa = PBXGroup;
			children = (
				65115D6622207B6400EE9B84 /* RootController.swift */,
				65115D6822207B7900EE9B84 /* LaunchController.swift */,
				6511C4E7221F4737004C4717 /* AuthController.swift */,
				6511C4E9221F4742004C4717 /* MainController.swift */,
				6504BBBB22325A5E00013BC8 /* EmptyResultsController.swift */,
				65D362702225C19300B343A2 /* MainTabController.swift */,
			);
			path = Controllers;
			sourceTree = "<group>";
		};
		652596AC22302CE700DD5376 /* Views */ = {
			isa = PBXGroup;
			children = (
				652596AD22302CFE00DD5376 /* DocumentListCell.swift */,
			);
			path = Views;
			sourceTree = "<group>";
		};
		652596AF223030C100DD5376 /* Models */ = {
			isa = PBXGroup;
			children = (
				652596B0223030D300DD5376 /* Document.swift */,
			);
			path = Models;
			sourceTree = "<group>";
		};
		65C54F71222D7C320070C14E /* Utils */ = {
			isa = PBXGroup;
			children = (
				65C54F72222D7C4E0070C14E /* Parser.swift */,
				65C54F74222D7DED0070C14E /* DateMilliseconds.swift */,
			);
			path = Utils;
			sourceTree = "<group>";
		};
		65CE595F221F3D3E00BEA87D = {
			isa = PBXGroup;
			children = (
				65CE596A221F3D3E00BEA87D /* Scannie */,
				65CE5969221F3D3E00BEA87D /* Products */,
				FA1935E5E8EAC2083F219C60 /* Pods */,
				9E527E5C3D2A002A7BA48E54 /* Frameworks */,
			);
			sourceTree = "<group>";
		};
		65CE5969221F3D3E00BEA87D /* Products */ = {
			isa = PBXGroup;
			children = (
				65CE5968221F3D3E00BEA87D /* Scannie.app */,
			);
			name = Products;
			sourceTree = "<group>";
		};
		65CE596A221F3D3E00BEA87D /* Scannie */ = {
			isa = PBXGroup;
			children = (
				652596AF223030C100DD5376 /* Models */,
				652596AC22302CE700DD5376 /* Views */,
				65115D6522207B3600EE9B84 /* Controllers */,
				65C54F71222D7C320070C14E /* Utils */,
				65CE596B221F3D3E00BEA87D /* AppDelegate.swift */,
				65CE596F221F3D3E00BEA87D /* Main.storyboard */,
				65CE5972221F3D4000BEA87D /* Assets.xcassets */,
				65CE5974221F3D4000BEA87D /* LaunchScreen.storyboard */,
				65CE5977221F3D4000BEA87D /* Info.plist */,
			);
			path = Scannie;
			sourceTree = "<group>";
		};
		9E527E5C3D2A002A7BA48E54 /* Frameworks */ = {
			isa = PBXGroup;
			children = (
				FF1053A922E0CC12F251315A /* Pods_Scannie.framework */,
			);
			name = Frameworks;
			sourceTree = "<group>";
		};
		FA1935E5E8EAC2083F219C60 /* Pods */ = {
			isa = PBXGroup;
			children = (
				E145DF6967CF175002A65519 /* Pods-Scannie.debug.xcconfig */,
				5B2E9434482FCE54956F9DCA /* Pods-Scannie.release.xcconfig */,
			);
			name = Pods;
			sourceTree = "<group>";
		};
/* End PBXGroup section */

/* Begin PBXNativeTarget section */
		65CE5967221F3D3E00BEA87D /* Scannie */ = {
			isa = PBXNativeTarget;
			buildConfigurationList = 65CE597A221F3D4000BEA87D /* Build configuration list for PBXNativeTarget "Scannie" */;
			buildPhases = (
				522C7FA7202823378AB26AE9 /* [CP] Check Pods Manifest.lock */,
				65CE5964221F3D3E00BEA87D /* Sources */,
				65CE5965221F3D3E00BEA87D /* Frameworks */,
				65CE5966221F3D3E00BEA87D /* Resources */,
				670D292E294EB54CB9758239 /* [CP] Embed Pods Frameworks */,
			);
			buildRules = (
			);
			dependencies = (
			);
			name = Scannie;
			productName = Scannie;
			productReference = 65CE5968221F3D3E00BEA87D /* Scannie.app */;
			productType = "com.apple.product-type.application";
		};
/* End PBXNativeTarget section */

/* Begin PBXProject section */
		65CE5960221F3D3E00BEA87D /* Project object */ = {
			isa = PBXProject;
			attributes = {
				LastSwiftUpdateCheck = 1010;
				LastUpgradeCheck = 1010;
				ORGANIZATIONNAME = Alves;
				TargetAttributes = {
					65CE5967221F3D3E00BEA87D = {
						CreatedOnToolsVersion = 10.1;
					};
				};
			};
			buildConfigurationList = 65CE5963221F3D3E00BEA87D /* Build configuration list for PBXProject "Scannie" */;
			compatibilityVersion = "Xcode 9.3";
			developmentRegion = en;
			hasScannedForEncodings = 0;
			knownRegions = (
				en,
				Base,
			);
			mainGroup = 65CE595F221F3D3E00BEA87D;
			productRefGroup = 65CE5969221F3D3E00BEA87D /* Products */;
			projectDirPath = "";
			projectRoot = "";
			targets = (
				65CE5967221F3D3E00BEA87D /* Scannie */,
			);
		};
/* End PBXProject section */

/* Begin PBXResourcesBuildPhase section */
		65CE5966221F3D3E00BEA87D /* Resources */ = {
			isa = PBXResourcesBuildPhase;
			buildActionMask = 2147483647;
			files = (
				65CE5976221F3D4000BEA87D /* LaunchScreen.storyboard in Resources */,
				65CE5973221F3D4000BEA87D /* Assets.xcassets in Resources */,
				65CE5971221F3D3E00BEA87D /* Main.storyboard in Resources */,
			);
			runOnlyForDeploymentPostprocessing = 0;
		};
/* End PBXResourcesBuildPhase section */

/* Begin PBXShellScriptBuildPhase section */
		522C7FA7202823378AB26AE9 /* [CP] Check Pods Manifest.lock */ = {
			isa = PBXShellScriptBuildPhase;
			buildActionMask = 2147483647;
			files = (
			);
			inputFileListPaths = (
			);
			inputPaths = (
				"${PODS_PODFILE_DIR_PATH}/Podfile.lock",
				"${PODS_ROOT}/Manifest.lock",
			);
			name = "[CP] Check Pods Manifest.lock";
			outputFileListPaths = (
			);
			outputPaths = (
				"$(DERIVED_FILE_DIR)/Pods-Scannie-checkManifestLockResult.txt",
			);
			runOnlyForDeploymentPostprocessing = 0;
			shellPath = /bin/sh;
			shellScript = "diff \"${PODS_PODFILE_DIR_PATH}/Podfile.lock\" \"${PODS_ROOT}/Manifest.lock\" > /dev/null\nif [ $? != 0 ] ; then\n    # print error to STDERR\n    echo \"error: The sandbox is not in sync with the Podfile.lock. Run 'pod install' or update your CocoaPods installation.\" >&2\n    exit 1\nfi\n# This output is used by Xcode 'outputs' to avoid re-running this script phase.\necho \"SUCCESS\" > \"${SCRIPT_OUTPUT_FILE_0}\"\n";
			showEnvVarsInLog = 0;
		};
		670D292E294EB54CB9758239 /* [CP] Embed Pods Frameworks */ = {
			isa = PBXShellScriptBuildPhase;
			buildActionMask = 2147483647;
			files = (
			);
			inputFileListPaths = (
			);
			inputPaths = (
				"${SRCROOT}/Pods/Target Support Files/Pods-Scannie/Pods-Scannie-frameworks.sh",
				"${BUILT_PRODUCTS_DIR}/Blockstack/Blockstack.framework",
				"${BUILT_PRODUCTS_DIR}/CryptoSwift/CryptoSwift.framework",
				"${BUILT_PRODUCTS_DIR}/SVProgressHUD/SVProgressHUD.framework",
				"${BUILT_PRODUCTS_DIR}/WeScan/WeScan.framework",
			);
			name = "[CP] Embed Pods Frameworks";
			outputFileListPaths = (
			);
			outputPaths = (
				"${TARGET_BUILD_DIR}/${FRAMEWORKS_FOLDER_PATH}/Blockstack.framework",
				"${TARGET_BUILD_DIR}/${FRAMEWORKS_FOLDER_PATH}/CryptoSwift.framework",
				"${TARGET_BUILD_DIR}/${FRAMEWORKS_FOLDER_PATH}/SVProgressHUD.framework",
				"${TARGET_BUILD_DIR}/${FRAMEWORKS_FOLDER_PATH}/WeScan.framework",
			);
			runOnlyForDeploymentPostprocessing = 0;
			shellPath = /bin/sh;
			shellScript = "\"${SRCROOT}/Pods/Target Support Files/Pods-Scannie/Pods-Scannie-frameworks.sh\"\n";
			showEnvVarsInLog = 0;
		};
/* End PBXShellScriptBuildPhase section */

/* Begin PBXSourcesBuildPhase section */
		65CE5964221F3D3E00BEA87D /* Sources */ = {
			isa = PBXSourcesBuildPhase;
			buildActionMask = 2147483647;
			files = (
				652596AE22302CFE00DD5376 /* DocumentListCell.swift in Sources */,
				6511C4EA221F4742004C4717 /* MainController.swift in Sources */,
				65115D6922207B7900EE9B84 /* LaunchController.swift in Sources */,
				6504BBBC22325A5E00013BC8 /* EmptyResultsController.swift in Sources */,
				65C54F73222D7C4E0070C14E /* Parser.swift in Sources */,
				652596B1223030D300DD5376 /* Document.swift in Sources */,
				65D362712225C19300B343A2 /* MainTabController.swift in Sources */,
				6511C4E8221F4737004C4717 /* AuthController.swift in Sources */,
				65C54F75222D7DED0070C14E /* DateMilliseconds.swift in Sources */,
				65115D6722207B6400EE9B84 /* RootController.swift in Sources */,
				65CE596C221F3D3E00BEA87D /* AppDelegate.swift in Sources */,
			);
			runOnlyForDeploymentPostprocessing = 0;
		};
/* End PBXSourcesBuildPhase section */

/* Begin PBXVariantGroup section */
		65CE596F221F3D3E00BEA87D /* Main.storyboard */ = {
			isa = PBXVariantGroup;
			children = (
				65CE5970221F3D3E00BEA87D /* Base */,
			);
			name = Main.storyboard;
			sourceTree = "<group>";
		};
		65CE5974221F3D4000BEA87D /* LaunchScreen.storyboard */ = {
			isa = PBXVariantGroup;
			children = (
				65CE5975221F3D4000BEA87D /* Base */,
			);
			name = LaunchScreen.storyboard;
			sourceTree = "<group>";
		};
/* End PBXVariantGroup section */

/* Begin XCBuildConfiguration section */
		65CE5978221F3D4000BEA87D /* Debug */ = {
			isa = XCBuildConfiguration;
			buildSettings = {
				ALWAYS_SEARCH_USER_PATHS = NO;
				CLANG_ANALYZER_NONNULL = YES;
				CLANG_ANALYZER_NUMBER_OBJECT_CONVERSION = YES_AGGRESSIVE;
				CLANG_CXX_LANGUAGE_STANDARD = "gnu++14";
				CLANG_CXX_LIBRARY = "libc++";
				CLANG_ENABLE_MODULES = YES;
				CLANG_ENABLE_OBJC_ARC = YES;
				CLANG_ENABLE_OBJC_WEAK = YES;
				CLANG_WARN_BLOCK_CAPTURE_AUTORELEASING = YES;
				CLANG_WARN_BOOL_CONVERSION = YES;
				CLANG_WARN_COMMA = YES;
				CLANG_WARN_CONSTANT_CONVERSION = YES;
				CLANG_WARN_DEPRECATED_OBJC_IMPLEMENTATIONS = YES;
				CLANG_WARN_DIRECT_OBJC_ISA_USAGE = YES_ERROR;
				CLANG_WARN_DOCUMENTATION_COMMENTS = YES;
				CLANG_WARN_EMPTY_BODY = YES;
				CLANG_WARN_ENUM_CONVERSION = YES;
				CLANG_WARN_INFINITE_RECURSION = YES;
				CLANG_WARN_INT_CONVERSION = YES;
				CLANG_WARN_NON_LITERAL_NULL_CONVERSION = YES;
				CLANG_WARN_OBJC_IMPLICIT_RETAIN_SELF = YES;
				CLANG_WARN_OBJC_LITERAL_CONVERSION = YES;
				CLANG_WARN_OBJC_ROOT_CLASS = YES_ERROR;
				CLANG_WARN_RANGE_LOOP_ANALYSIS = YES;
				CLANG_WARN_STRICT_PROTOTYPES = YES;
				CLANG_WARN_SUSPICIOUS_MOVE = YES;
				CLANG_WARN_UNGUARDED_AVAILABILITY = YES_AGGRESSIVE;
				CLANG_WARN_UNREACHABLE_CODE = YES;
				CLANG_WARN__DUPLICATE_METHOD_MATCH = YES;
				CODE_SIGN_IDENTITY = "iPhone Developer";
				COPY_PHASE_STRIP = NO;
				DEBUG_INFORMATION_FORMAT = dwarf;
				ENABLE_STRICT_OBJC_MSGSEND = YES;
				ENABLE_TESTABILITY = YES;
				GCC_C_LANGUAGE_STANDARD = gnu11;
				GCC_DYNAMIC_NO_PIC = NO;
				GCC_NO_COMMON_BLOCKS = YES;
				GCC_OPTIMIZATION_LEVEL = 0;
				GCC_PREPROCESSOR_DEFINITIONS = (
					"DEBUG=1",
					"$(inherited)",
				);
				GCC_WARN_64_TO_32_BIT_CONVERSION = YES;
				GCC_WARN_ABOUT_RETURN_TYPE = YES_ERROR;
				GCC_WARN_UNDECLARED_SELECTOR = YES;
				GCC_WARN_UNINITIALIZED_AUTOS = YES_AGGRESSIVE;
				GCC_WARN_UNUSED_FUNCTION = YES;
				GCC_WARN_UNUSED_VARIABLE = YES;
				IPHONEOS_DEPLOYMENT_TARGET = 12.1;
				MTL_ENABLE_DEBUG_INFO = INCLUDE_SOURCE;
				MTL_FAST_MATH = YES;
				ONLY_ACTIVE_ARCH = YES;
				SDKROOT = iphoneos;
				SWIFT_ACTIVE_COMPILATION_CONDITIONS = DEBUG;
				SWIFT_OPTIMIZATION_LEVEL = "-Onone";
			};
			name = Debug;
		};
		65CE5979221F3D4000BEA87D /* Release */ = {
			isa = XCBuildConfiguration;
			buildSettings = {
				ALWAYS_SEARCH_USER_PATHS = NO;
				CLANG_ANALYZER_NONNULL = YES;
				CLANG_ANALYZER_NUMBER_OBJECT_CONVERSION = YES_AGGRESSIVE;
				CLANG_CXX_LANGUAGE_STANDARD = "gnu++14";
				CLANG_CXX_LIBRARY = "libc++";
				CLANG_ENABLE_MODULES = YES;
				CLANG_ENABLE_OBJC_ARC = YES;
				CLANG_ENABLE_OBJC_WEAK = YES;
				CLANG_WARN_BLOCK_CAPTURE_AUTORELEASING = YES;
				CLANG_WARN_BOOL_CONVERSION = YES;
				CLANG_WARN_COMMA = YES;
				CLANG_WARN_CONSTANT_CONVERSION = YES;
				CLANG_WARN_DEPRECATED_OBJC_IMPLEMENTATIONS = YES;
				CLANG_WARN_DIRECT_OBJC_ISA_USAGE = YES_ERROR;
				CLANG_WARN_DOCUMENTATION_COMMENTS = YES;
				CLANG_WARN_EMPTY_BODY = YES;
				CLANG_WARN_ENUM_CONVERSION = YES;
				CLANG_WARN_INFINITE_RECURSION = YES;
				CLANG_WARN_INT_CONVERSION = YES;
				CLANG_WARN_NON_LITERAL_NULL_CONVERSION = YES;
				CLANG_WARN_OBJC_IMPLICIT_RETAIN_SELF = YES;
				CLANG_WARN_OBJC_LITERAL_CONVERSION = YES;
				CLANG_WARN_OBJC_ROOT_CLASS = YES_ERROR;
				CLANG_WARN_RANGE_LOOP_ANALYSIS = YES;
				CLANG_WARN_STRICT_PROTOTYPES = YES;
				CLANG_WARN_SUSPICIOUS_MOVE = YES;
				CLANG_WARN_UNGUARDED_AVAILABILITY = YES_AGGRESSIVE;
				CLANG_WARN_UNREACHABLE_CODE = YES;
				CLANG_WARN__DUPLICATE_METHOD_MATCH = YES;
				CODE_SIGN_IDENTITY = "iPhone Developer";
				COPY_PHASE_STRIP = NO;
				DEBUG_INFORMATION_FORMAT = "dwarf-with-dsym";
				ENABLE_NS_ASSERTIONS = NO;
				ENABLE_STRICT_OBJC_MSGSEND = YES;
				GCC_C_LANGUAGE_STANDARD = gnu11;
				GCC_NO_COMMON_BLOCKS = YES;
				GCC_WARN_64_TO_32_BIT_CONVERSION = YES;
				GCC_WARN_ABOUT_RETURN_TYPE = YES_ERROR;
				GCC_WARN_UNDECLARED_SELECTOR = YES;
				GCC_WARN_UNINITIALIZED_AUTOS = YES_AGGRESSIVE;
				GCC_WARN_UNUSED_FUNCTION = YES;
				GCC_WARN_UNUSED_VARIABLE = YES;
				IPHONEOS_DEPLOYMENT_TARGET = 12.1;
				MTL_ENABLE_DEBUG_INFO = NO;
				MTL_FAST_MATH = YES;
				SDKROOT = iphoneos;
				SWIFT_COMPILATION_MODE = wholemodule;
				SWIFT_OPTIMIZATION_LEVEL = "-O";
				VALIDATE_PRODUCT = YES;
			};
			name = Release;
		};
		65CE597B221F3D4000BEA87D /* Debug */ = {
			isa = XCBuildConfiguration;
			baseConfigurationReference = E145DF6967CF175002A65519 /* Pods-Scannie.debug.xcconfig */;
			buildSettings = {
				ASSETCATALOG_COMPILER_APPICON_NAME = AppIcon;
				CODE_SIGN_STYLE = Automatic;
				DEVELOPMENT_TEAM = W8HD2MKT2G;
				INFOPLIST_FILE = Scannie/Info.plist;
				LD_RUNPATH_SEARCH_PATHS = (
					"$(inherited)",
					"@executable_path/Frameworks",
				);
				PRODUCT_BUNDLE_IDENTIFIER = com.alves.Scannie;
				PRODUCT_NAME = "$(TARGET_NAME)";
				SWIFT_VERSION = 4.2;
				TARGETED_DEVICE_FAMILY = "1,2";
			};
			name = Debug;
		};
		65CE597C221F3D4000BEA87D /* Release */ = {
			isa = XCBuildConfiguration;
			baseConfigurationReference = 5B2E9434482FCE54956F9DCA /* Pods-Scannie.release.xcconfig */;
			buildSettings = {
				ASSETCATALOG_COMPILER_APPICON_NAME = AppIcon;
				CODE_SIGN_STYLE = Automatic;
				DEVELOPMENT_TEAM = W8HD2MKT2G;
				INFOPLIST_FILE = Scannie/Info.plist;
				LD_RUNPATH_SEARCH_PATHS = (
					"$(inherited)",
					"@executable_path/Frameworks",
				);
				PRODUCT_BUNDLE_IDENTIFIER = com.alves.Scannie;
				PRODUCT_NAME = "$(TARGET_NAME)";
				SWIFT_VERSION = 4.2;
				TARGETED_DEVICE_FAMILY = "1,2";
			};
			name = Release;
		};
/* End XCBuildConfiguration section */

/* Begin XCConfigurationList section */
		65CE5963221F3D3E00BEA87D /* Build configuration list for PBXProject "Scannie" */ = {
			isa = XCConfigurationList;
			buildConfigurations = (
				65CE5978221F3D4000BEA87D /* Debug */,
				65CE5979221F3D4000BEA87D /* Release */,
			);
			defaultConfigurationIsVisible = 0;
			defaultConfigurationName = Release;
		};
		65CE597A221F3D4000BEA87D /* Build configuration list for PBXNativeTarget "Scannie" */ = {
			isa = XCConfigurationList;
			buildConfigurations = (
				65CE597B221F3D4000BEA87D /* Debug */,
				65CE597C221F3D4000BEA87D /* Release */,
			);
			defaultConfigurationIsVisible = 0;
			defaultConfigurationName = Release;
		};
/* End XCConfigurationList section */
	};
	rootObject = 65CE5960221F3D3E00BEA87D /* Project object */;
}
